
Microsoft Visual Studio Solution File, Format Version 12.00
# Visual Studio 15
VisualStudioVersion = 15.0.28307.421
MinimumVisualStudioVersion = 10.0.40219.1
Project("{8BC9CEB8-8B4A-11D0-8D11-00A0C91BC942}") = "n的k次幂", "n的k次幂\n的k次幂.vcxproj", "{F50C759A-2A15-4E00-8F44-8D4B1A58BB41}"
EndProject
Global
	GlobalSection(SolutionConfigurationPlatforms) = preSolution
		Debug|x64 = Debug|x64
		Debug|x86 = Debug|x86
		Release|x64 = Release|x64
		Release|x86 = Release|x86
	EndGlobalSection
	GlobalSection(ProjectConfigurationPlatforms) = postSolution
		{F50C759A-2A15-4E00-8F44-8D4B1A58BB41}.Debug|x64.ActiveCfg = Debug|x64
		{F50C759A-2A15-4E00-8F44-8D4B1A58BB41}.Debug|x64.Build.0 = Debug|x64
		{F50C759A-2A15-4E00-8F44-8D4B1A58BB41}.Debug|x86.ActiveCfg = Debug|Win32
		{F50C759A-2A15-4E00-8F44-8D4B1A58BB41}.Debug|x86.Build.0 = Debug|Win32
		{F50C759A-2A15-4E00-8F44-8D4B1A58BB41}.Release|x64.ActiveCfg = Release|x64
		{F50C759A-2A15-4E00-8F44-8D4B1A58BB41}.Release|x64.Build.0 = Release|x64
		{F50C759A-2A15-4E00-8F44-8D4B1A58BB41}.Release|x86.ActiveCfg = Release|Win32
		{F50C759A-2A15-4E00-8F44-8D4B1A58BB41}.Release|x86.Build.0 = Release|Win32
	EndGlobalSection
	GlobalSection(SolutionProperties) = preSolution
		HideSolutionNode = FALSE
	EndGlobalSection
	GlobalSection(ExtensibilityGlobals) = postSolution
		SolutionGuid = {CAAF5279-6E4F-4658-A6F6-71936A4DB4F8}
	EndGlobalSection
EndGlobal
