
Microsoft Visual Studio Solution File, Format Version 12.00
# Visual Studio 15
VisualStudioVersion = 15.0.28307.421
MinimumVisualStudioVersion = 10.0.40219.1
Project("{8BC9CEB8-8B4A-11D0-8D11-00A0C91BC942}") = "组队竞赛", "组队竞赛\组队竞赛.vcxproj", "{124ACBB5-82D3-471E-AD51-99756131F93F}"
EndProject
Global
	GlobalSection(SolutionConfigurationPlatforms) = preSolution
		Debug|x64 = Debug|x64
		Debug|x86 = Debug|x86
		Release|x64 = Release|x64
		Release|x86 = Release|x86
	EndGlobalSection
	GlobalSection(ProjectConfigurationPlatforms) = postSolution
		{124ACBB5-82D3-471E-AD51-99756131F93F}.Debug|x64.ActiveCfg = Debug|x64
		{124ACBB5-82D3-471E-AD51-99756131F93F}.Debug|x64.Build.0 = Debug|x64
		{124ACBB5-82D3-471E-AD51-99756131F93F}.Debug|x86.ActiveCfg = Debug|Win32
		{124ACBB5-82D3-471E-AD51-99756131F93F}.Debug|x86.Build.0 = Debug|Win32
		{124ACBB5-82D3-471E-AD51-99756131F93F}.Release|x64.ActiveCfg = Release|x64
		{124ACBB5-82D3-471E-AD51-99756131F93F}.Release|x64.Build.0 = Release|x64
		{124ACBB5-82D3-471E-AD51-99756131F93F}.Release|x86.ActiveCfg = Release|Win32
		{124ACBB5-82D3-471E-AD51-99756131F93F}.Release|x86.Build.0 = Release|Win32
	EndGlobalSection
	GlobalSection(SolutionProperties) = preSolution
		HideSolutionNode = FALSE
	EndGlobalSection
	GlobalSection(ExtensibilityGlobals) = postSolution
		SolutionGuid = {8C774E1B-1903-46D7-8A90-F758A1B1EA49}
	EndGlobalSection
EndGlobal
