
Microsoft Visual Studio Solution File, Format Version 12.00
# Visual Studio 15
VisualStudioVersion = 15.0.28307.421
MinimumVisualStudioVersion = 10.0.40219.1
Project("{8BC9CEB8-8B4A-11D0-8D11-00A0C91BC942}") = "扑克牌大小", "扑克牌大小\扑克牌大小.vcxproj", "{3B220B06-3FB7-4EA8-9215-D4DA9F353E19}"
EndProject
Global
	GlobalSection(SolutionConfigurationPlatforms) = preSolution
		Debug|x64 = Debug|x64
		Debug|x86 = Debug|x86
		Release|x64 = Release|x64
		Release|x86 = Release|x86
	EndGlobalSection
	GlobalSection(ProjectConfigurationPlatforms) = postSolution
		{3B220B06-3FB7-4EA8-9215-D4DA9F353E19}.Debug|x64.ActiveCfg = Debug|x64
		{3B220B06-3FB7-4EA8-9215-D4DA9F353E19}.Debug|x64.Build.0 = Debug|x64
		{3B220B06-3FB7-4EA8-9215-D4DA9F353E19}.Debug|x86.ActiveCfg = Debug|Win32
		{3B220B06-3FB7-4EA8-9215-D4DA9F353E19}.Debug|x86.Build.0 = Debug|Win32
		{3B220B06-3FB7-4EA8-9215-D4DA9F353E19}.Release|x64.ActiveCfg = Release|x64
		{3B220B06-3FB7-4EA8-9215-D4DA9F353E19}.Release|x64.Build.0 = Release|x64
		{3B220B06-3FB7-4EA8-9215-D4DA9F353E19}.Release|x86.ActiveCfg = Release|Win32
		{3B220B06-3FB7-4EA8-9215-D4DA9F353E19}.Release|x86.Build.0 = Release|Win32
	EndGlobalSection
	GlobalSection(SolutionProperties) = preSolution
		HideSolutionNode = FALSE
	EndGlobalSection
	GlobalSection(ExtensibilityGlobals) = postSolution
		SolutionGuid = {C23BD4F3-509D-463A-881B-1AE40039EA39}
	EndGlobalSection
EndGlobal
