
Microsoft Visual Studio Solution File, Format Version 12.00
# Visual Studio 15
VisualStudioVersion = 15.0.28307.421
MinimumVisualStudioVersion = 10.0.40219.1
Project("{8BC9CEB8-8B4A-11D0-8D11-00A0C91BC942}") = "string类的模拟实现", "string类的模拟实现\string类的模拟实现.vcxproj", "{E0D06EA3-6C2F-4D41-A015-14C7C2978B09}"
EndProject
Global
	GlobalSection(SolutionConfigurationPlatforms) = preSolution
		Debug|x64 = Debug|x64
		Debug|x86 = Debug|x86
		Release|x64 = Release|x64
		Release|x86 = Release|x86
	EndGlobalSection
	GlobalSection(ProjectConfigurationPlatforms) = postSolution
		{E0D06EA3-6C2F-4D41-A015-14C7C2978B09}.Debug|x64.ActiveCfg = Debug|x64
		{E0D06EA3-6C2F-4D41-A015-14C7C2978B09}.Debug|x64.Build.0 = Debug|x64
		{E0D06EA3-6C2F-4D41-A015-14C7C2978B09}.Debug|x86.ActiveCfg = Debug|Win32
		{E0D06EA3-6C2F-4D41-A015-14C7C2978B09}.Debug|x86.Build.0 = Debug|Win32
		{E0D06EA3-6C2F-4D41-A015-14C7C2978B09}.Release|x64.ActiveCfg = Release|x64
		{E0D06EA3-6C2F-4D41-A015-14C7C2978B09}.Release|x64.Build.0 = Release|x64
		{E0D06EA3-6C2F-4D41-A015-14C7C2978B09}.Release|x86.ActiveCfg = Release|Win32
		{E0D06EA3-6C2F-4D41-A015-14C7C2978B09}.Release|x86.Build.0 = Release|Win32
	EndGlobalSection
	GlobalSection(SolutionProperties) = preSolution
		HideSolutionNode = FALSE
	EndGlobalSection
	GlobalSection(ExtensibilityGlobals) = postSolution
		SolutionGuid = {A0FB9288-DCB2-415D-AA41-B9D7E3A37BA9}
	EndGlobalSection
EndGlobal
