
Microsoft Visual Studio Solution File, Format Version 12.00
# Visual Studio 15
VisualStudioVersion = 15.0.28307.421
MinimumVisualStudioVersion = 10.0.40219.1
Project("{8BC9CEB8-8B4A-11D0-8D11-00A0C91BC942}") = "vector模拟实现", "vector模拟实现\vector模拟实现.vcxproj", "{C495AD65-6DC5-49AA-B775-A4A4ECB7D19F}"
EndProject
Global
	GlobalSection(SolutionConfigurationPlatforms) = preSolution
		Debug|x64 = Debug|x64
		Debug|x86 = Debug|x86
		Release|x64 = Release|x64
		Release|x86 = Release|x86
	EndGlobalSection
	GlobalSection(ProjectConfigurationPlatforms) = postSolution
		{C495AD65-6DC5-49AA-B775-A4A4ECB7D19F}.Debug|x64.ActiveCfg = Debug|x64
		{C495AD65-6DC5-49AA-B775-A4A4ECB7D19F}.Debug|x64.Build.0 = Debug|x64
		{C495AD65-6DC5-49AA-B775-A4A4ECB7D19F}.Debug|x86.ActiveCfg = Debug|Win32
		{C495AD65-6DC5-49AA-B775-A4A4ECB7D19F}.Debug|x86.Build.0 = Debug|Win32
		{C495AD65-6DC5-49AA-B775-A4A4ECB7D19F}.Release|x64.ActiveCfg = Release|x64
		{C495AD65-6DC5-49AA-B775-A4A4ECB7D19F}.Release|x64.Build.0 = Release|x64
		{C495AD65-6DC5-49AA-B775-A4A4ECB7D19F}.Release|x86.ActiveCfg = Release|Win32
		{C495AD65-6DC5-49AA-B775-A4A4ECB7D19F}.Release|x86.Build.0 = Release|Win32
	EndGlobalSection
	GlobalSection(SolutionProperties) = preSolution
		HideSolutionNode = FALSE
	EndGlobalSection
	GlobalSection(ExtensibilityGlobals) = postSolution
		SolutionGuid = {E1E9ABDF-1506-4187-8E2F-344DC4A7ED64}
	EndGlobalSection
EndGlobal
