
Microsoft Visual Studio Solution File, Format Version 12.00
# Visual Studio 15
VisualStudioVersion = 15.0.28307.421
MinimumVisualStudioVersion = 10.0.40219.1
Project("{8BC9CEB8-8B4A-11D0-8D11-00A0C91BC942}") = "求和最大的子数组", "求和最大的子数组\求和最大的子数组.vcxproj", "{B81824EB-0002-4B7E-AF60-E557386D42CF}"
EndProject
Global
	GlobalSection(SolutionConfigurationPlatforms) = preSolution
		Debug|x64 = Debug|x64
		Debug|x86 = Debug|x86
		Release|x64 = Release|x64
		Release|x86 = Release|x86
	EndGlobalSection
	GlobalSection(ProjectConfigurationPlatforms) = postSolution
		{B81824EB-0002-4B7E-AF60-E557386D42CF}.Debug|x64.ActiveCfg = Debug|x64
		{B81824EB-0002-4B7E-AF60-E557386D42CF}.Debug|x64.Build.0 = Debug|x64
		{B81824EB-0002-4B7E-AF60-E557386D42CF}.Debug|x86.ActiveCfg = Debug|Win32
		{B81824EB-0002-4B7E-AF60-E557386D42CF}.Debug|x86.Build.0 = Debug|Win32
		{B81824EB-0002-4B7E-AF60-E557386D42CF}.Release|x64.ActiveCfg = Release|x64
		{B81824EB-0002-4B7E-AF60-E557386D42CF}.Release|x64.Build.0 = Release|x64
		{B81824EB-0002-4B7E-AF60-E557386D42CF}.Release|x86.ActiveCfg = Release|Win32
		{B81824EB-0002-4B7E-AF60-E557386D42CF}.Release|x86.Build.0 = Release|Win32
	EndGlobalSection
	GlobalSection(SolutionProperties) = preSolution
		HideSolutionNode = FALSE
	EndGlobalSection
	GlobalSection(ExtensibilityGlobals) = postSolution
		SolutionGuid = {4397CED1-486A-4C21-802B-CCCB3924EB3C}
	EndGlobalSection
EndGlobal
