
Microsoft Visual Studio Solution File, Format Version 12.00
# Visual Studio 15
VisualStudioVersion = 15.0.28307.421
MinimumVisualStudioVersion = 10.0.40219.1
Project("{8BC9CEB8-8B4A-11D0-8D11-00A0C91BC942}") = "DigitSum", "DigitSum\DigitSum.vcxproj", "{1CB654F8-6E6F-41CB-BE1C-A8F4A46808F3}"
EndProject
Global
	GlobalSection(SolutionConfigurationPlatforms) = preSolution
		Debug|x64 = Debug|x64
		Debug|x86 = Debug|x86
		Release|x64 = Release|x64
		Release|x86 = Release|x86
	EndGlobalSection
	GlobalSection(ProjectConfigurationPlatforms) = postSolution
		{1CB654F8-6E6F-41CB-BE1C-A8F4A46808F3}.Debug|x64.ActiveCfg = Debug|x64
		{1CB654F8-6E6F-41CB-BE1C-A8F4A46808F3}.Debug|x64.Build.0 = Debug|x64
		{1CB654F8-6E6F-41CB-BE1C-A8F4A46808F3}.Debug|x86.ActiveCfg = Debug|Win32
		{1CB654F8-6E6F-41CB-BE1C-A8F4A46808F3}.Debug|x86.Build.0 = Debug|Win32
		{1CB654F8-6E6F-41CB-BE1C-A8F4A46808F3}.Release|x64.ActiveCfg = Release|x64
		{1CB654F8-6E6F-41CB-BE1C-A8F4A46808F3}.Release|x64.Build.0 = Release|x64
		{1CB654F8-6E6F-41CB-BE1C-A8F4A46808F3}.Release|x86.ActiveCfg = Release|Win32
		{1CB654F8-6E6F-41CB-BE1C-A8F4A46808F3}.Release|x86.Build.0 = Release|Win32
	EndGlobalSection
	GlobalSection(SolutionProperties) = preSolution
		HideSolutionNode = FALSE
	EndGlobalSection
	GlobalSection(ExtensibilityGlobals) = postSolution
		SolutionGuid = {B2FFD388-B090-4A20-9674-6FCD5970F5C6}
	EndGlobalSection
EndGlobal
