
Microsoft Visual Studio Solution File, Format Version 12.00
# Visual Studio 15
VisualStudioVersion = 15.0.28307.421
MinimumVisualStudioVersion = 10.0.40219.1
Project("{8BC9CEB8-8B4A-11D0-8D11-00A0C91BC942}") = "用队列实现栈", "用队列实现栈\用队列实现栈.vcxproj", "{EC18F0FE-DC97-42A8-8EC6-45C456A39D62}"
EndProject
Global
	GlobalSection(SolutionConfigurationPlatforms) = preSolution
		Debug|x64 = Debug|x64
		Debug|x86 = Debug|x86
		Release|x64 = Release|x64
		Release|x86 = Release|x86
	EndGlobalSection
	GlobalSection(ProjectConfigurationPlatforms) = postSolution
		{EC18F0FE-DC97-42A8-8EC6-45C456A39D62}.Debug|x64.ActiveCfg = Debug|x64
		{EC18F0FE-DC97-42A8-8EC6-45C456A39D62}.Debug|x64.Build.0 = Debug|x64
		{EC18F0FE-DC97-42A8-8EC6-45C456A39D62}.Debug|x86.ActiveCfg = Debug|Win32
		{EC18F0FE-DC97-42A8-8EC6-45C456A39D62}.Debug|x86.Build.0 = Debug|Win32
		{EC18F0FE-DC97-42A8-8EC6-45C456A39D62}.Release|x64.ActiveCfg = Release|x64
		{EC18F0FE-DC97-42A8-8EC6-45C456A39D62}.Release|x64.Build.0 = Release|x64
		{EC18F0FE-DC97-42A8-8EC6-45C456A39D62}.Release|x86.ActiveCfg = Release|Win32
		{EC18F0FE-DC97-42A8-8EC6-45C456A39D62}.Release|x86.Build.0 = Release|Win32
	EndGlobalSection
	GlobalSection(SolutionProperties) = preSolution
		HideSolutionNode = FALSE
	EndGlobalSection
	GlobalSection(ExtensibilityGlobals) = postSolution
		SolutionGuid = {EDDD8F74-C00B-4342-9686-6A5E51524C79}
	EndGlobalSection
EndGlobal
