
Microsoft Visual Studio Solution File, Format Version 12.00
# Visual Studio 15
VisualStudioVersion = 15.0.28307.421
MinimumVisualStudioVersion = 10.0.40219.1
Project("{8BC9CEB8-8B4A-11D0-8D11-00A0C91BC942}") = "Reserve_String", "Reserve_String\Reserve_String.vcxproj", "{2F364130-EF53-43A7-A003-9D5A89809EEC}"
EndProject
Global
	GlobalSection(SolutionConfigurationPlatforms) = preSolution
		Debug|x64 = Debug|x64
		Debug|x86 = Debug|x86
		Release|x64 = Release|x64
		Release|x86 = Release|x86
	EndGlobalSection
	GlobalSection(ProjectConfigurationPlatforms) = postSolution
		{2F364130-EF53-43A7-A003-9D5A89809EEC}.Debug|x64.ActiveCfg = Debug|x64
		{2F364130-EF53-43A7-A003-9D5A89809EEC}.Debug|x64.Build.0 = Debug|x64
		{2F364130-EF53-43A7-A003-9D5A89809EEC}.Debug|x86.ActiveCfg = Debug|Win32
		{2F364130-EF53-43A7-A003-9D5A89809EEC}.Debug|x86.Build.0 = Debug|Win32
		{2F364130-EF53-43A7-A003-9D5A89809EEC}.Release|x64.ActiveCfg = Release|x64
		{2F364130-EF53-43A7-A003-9D5A89809EEC}.Release|x64.Build.0 = Release|x64
		{2F364130-EF53-43A7-A003-9D5A89809EEC}.Release|x86.ActiveCfg = Release|Win32
		{2F364130-EF53-43A7-A003-9D5A89809EEC}.Release|x86.Build.0 = Release|Win32
	EndGlobalSection
	GlobalSection(SolutionProperties) = preSolution
		HideSolutionNode = FALSE
	EndGlobalSection
	GlobalSection(ExtensibilityGlobals) = postSolution
		SolutionGuid = {034E7727-F8ED-4C97-9885-8765E482FB04}
	EndGlobalSection
EndGlobal
