
Microsoft Visual Studio Solution File, Format Version 12.00
# Visual Studio 15
VisualStudioVersion = 15.0.28307.421
MinimumVisualStudioVersion = 10.0.40219.1
Project("{8BC9CEB8-8B4A-11D0-8D11-00A0C91BC942}") = "逆波兰表达式求值", "逆波兰表达式求值\逆波兰表达式求值.vcxproj", "{B2214A16-A447-4B0A-A856-7812CF8017BD}"
EndProject
Global
	GlobalSection(SolutionConfigurationPlatforms) = preSolution
		Debug|x64 = Debug|x64
		Debug|x86 = Debug|x86
		Release|x64 = Release|x64
		Release|x86 = Release|x86
	EndGlobalSection
	GlobalSection(ProjectConfigurationPlatforms) = postSolution
		{B2214A16-A447-4B0A-A856-7812CF8017BD}.Debug|x64.ActiveCfg = Debug|x64
		{B2214A16-A447-4B0A-A856-7812CF8017BD}.Debug|x64.Build.0 = Debug|x64
		{B2214A16-A447-4B0A-A856-7812CF8017BD}.Debug|x86.ActiveCfg = Debug|Win32
		{B2214A16-A447-4B0A-A856-7812CF8017BD}.Debug|x86.Build.0 = Debug|Win32
		{B2214A16-A447-4B0A-A856-7812CF8017BD}.Release|x64.ActiveCfg = Release|x64
		{B2214A16-A447-4B0A-A856-7812CF8017BD}.Release|x64.Build.0 = Release|x64
		{B2214A16-A447-4B0A-A856-7812CF8017BD}.Release|x86.ActiveCfg = Release|Win32
		{B2214A16-A447-4B0A-A856-7812CF8017BD}.Release|x86.Build.0 = Release|Win32
	EndGlobalSection
	GlobalSection(SolutionProperties) = preSolution
		HideSolutionNode = FALSE
	EndGlobalSection
	GlobalSection(ExtensibilityGlobals) = postSolution
		SolutionGuid = {D3B622BF-3B56-4FAF-A348-DDDDB22D7206}
	EndGlobalSection
EndGlobal
