
Microsoft Visual Studio Solution File, Format Version 12.00
# Visual Studio 15
VisualStudioVersion = 15.0.28307.421
MinimumVisualStudioVersion = 10.0.40219.1
Project("{8BC9CEB8-8B4A-11D0-8D11-00A0C91BC942}") = "迭代法求矩阵", "迭代法求矩阵\迭代法求矩阵.vcxproj", "{B21767C9-DA1E-4123-9262-3F8F2FD272AB}"
EndProject
Global
	GlobalSection(SolutionConfigurationPlatforms) = preSolution
		Debug|x64 = Debug|x64
		Debug|x86 = Debug|x86
		Release|x64 = Release|x64
		Release|x86 = Release|x86
	EndGlobalSection
	GlobalSection(ProjectConfigurationPlatforms) = postSolution
		{B21767C9-DA1E-4123-9262-3F8F2FD272AB}.Debug|x64.ActiveCfg = Debug|x64
		{B21767C9-DA1E-4123-9262-3F8F2FD272AB}.Debug|x64.Build.0 = Debug|x64
		{B21767C9-DA1E-4123-9262-3F8F2FD272AB}.Debug|x86.ActiveCfg = Debug|Win32
		{B21767C9-DA1E-4123-9262-3F8F2FD272AB}.Debug|x86.Build.0 = Debug|Win32
		{B21767C9-DA1E-4123-9262-3F8F2FD272AB}.Release|x64.ActiveCfg = Release|x64
		{B21767C9-DA1E-4123-9262-3F8F2FD272AB}.Release|x64.Build.0 = Release|x64
		{B21767C9-DA1E-4123-9262-3F8F2FD272AB}.Release|x86.ActiveCfg = Release|Win32
		{B21767C9-DA1E-4123-9262-3F8F2FD272AB}.Release|x86.Build.0 = Release|Win32
	EndGlobalSection
	GlobalSection(SolutionProperties) = preSolution
		HideSolutionNode = FALSE
	EndGlobalSection
	GlobalSection(ExtensibilityGlobals) = postSolution
		SolutionGuid = {85B76EF1-4689-4FF2-9E5E-194354FFC2D4}
	EndGlobalSection
EndGlobal
