
Microsoft Visual Studio Solution File, Format Version 12.00
# Visual Studio 15
VisualStudioVersion = 15.0.28307.421
MinimumVisualStudioVersion = 10.0.40219.1
Project("{8BC9CEB8-8B4A-11D0-8D11-00A0C91BC942}") = "Date类的一些接口", "Date类的一些接口\Date类的一些接口.vcxproj", "{D9ACB5E1-17A1-47E2-8108-BA70E6FA0562}"
EndProject
Global
	GlobalSection(SolutionConfigurationPlatforms) = preSolution
		Debug|x64 = Debug|x64
		Debug|x86 = Debug|x86
		Release|x64 = Release|x64
		Release|x86 = Release|x86
	EndGlobalSection
	GlobalSection(ProjectConfigurationPlatforms) = postSolution
		{D9ACB5E1-17A1-47E2-8108-BA70E6FA0562}.Debug|x64.ActiveCfg = Debug|x64
		{D9ACB5E1-17A1-47E2-8108-BA70E6FA0562}.Debug|x64.Build.0 = Debug|x64
		{D9ACB5E1-17A1-47E2-8108-BA70E6FA0562}.Debug|x86.ActiveCfg = Debug|Win32
		{D9ACB5E1-17A1-47E2-8108-BA70E6FA0562}.Debug|x86.Build.0 = Debug|Win32
		{D9ACB5E1-17A1-47E2-8108-BA70E6FA0562}.Release|x64.ActiveCfg = Release|x64
		{D9ACB5E1-17A1-47E2-8108-BA70E6FA0562}.Release|x64.Build.0 = Release|x64
		{D9ACB5E1-17A1-47E2-8108-BA70E6FA0562}.Release|x86.ActiveCfg = Release|Win32
		{D9ACB5E1-17A1-47E2-8108-BA70E6FA0562}.Release|x86.Build.0 = Release|Win32
	EndGlobalSection
	GlobalSection(SolutionProperties) = preSolution
		HideSolutionNode = FALSE
	EndGlobalSection
	GlobalSection(ExtensibilityGlobals) = postSolution
		SolutionGuid = {4A12490D-8CC7-40B5-8726-2B6A5D401F11}
	EndGlobalSection
EndGlobal
