
Microsoft Visual Studio Solution File, Format Version 12.00
# Visual Studio 15
VisualStudioVersion = 15.0.28307.421
MinimumVisualStudioVersion = 10.0.40219.1
Project("{8BC9CEB8-8B4A-11D0-8D11-00A0C91BC942}") = "判断字符串的排序方法", "判断字符串的排序方法\判断字符串的排序方法.vcxproj", "{E5C39E96-DDEB-4BEE-8A2F-45EF7E6BE885}"
EndProject
Global
	GlobalSection(SolutionConfigurationPlatforms) = preSolution
		Debug|x64 = Debug|x64
		Debug|x86 = Debug|x86
		Release|x64 = Release|x64
		Release|x86 = Release|x86
	EndGlobalSection
	GlobalSection(ProjectConfigurationPlatforms) = postSolution
		{E5C39E96-DDEB-4BEE-8A2F-45EF7E6BE885}.Debug|x64.ActiveCfg = Debug|x64
		{E5C39E96-DDEB-4BEE-8A2F-45EF7E6BE885}.Debug|x64.Build.0 = Debug|x64
		{E5C39E96-DDEB-4BEE-8A2F-45EF7E6BE885}.Debug|x86.ActiveCfg = Debug|Win32
		{E5C39E96-DDEB-4BEE-8A2F-45EF7E6BE885}.Debug|x86.Build.0 = Debug|Win32
		{E5C39E96-DDEB-4BEE-8A2F-45EF7E6BE885}.Release|x64.ActiveCfg = Release|x64
		{E5C39E96-DDEB-4BEE-8A2F-45EF7E6BE885}.Release|x64.Build.0 = Release|x64
		{E5C39E96-DDEB-4BEE-8A2F-45EF7E6BE885}.Release|x86.ActiveCfg = Release|Win32
		{E5C39E96-DDEB-4BEE-8A2F-45EF7E6BE885}.Release|x86.Build.0 = Release|Win32
	EndGlobalSection
	GlobalSection(SolutionProperties) = preSolution
		HideSolutionNode = FALSE
	EndGlobalSection
	GlobalSection(ExtensibilityGlobals) = postSolution
		SolutionGuid = {66BC5C0D-3ACE-452D-A441-09B0AE8DA9CE}
	EndGlobalSection
EndGlobal
