
Microsoft Visual Studio Solution File, Format Version 12.00
# Visual Studio 15
VisualStudioVersion = 15.0.28307.421
MinimumVisualStudioVersion = 10.0.40219.1
Project("{8BC9CEB8-8B4A-11D0-8D11-00A0C91BC942}") = "二叉搜索树", "二叉搜索树\二叉搜索树.vcxproj", "{A0515830-7BDD-4ED0-8D58-29362AFE4176}"
EndProject
Global
	GlobalSection(SolutionConfigurationPlatforms) = preSolution
		Debug|x64 = Debug|x64
		Debug|x86 = Debug|x86
		Release|x64 = Release|x64
		Release|x86 = Release|x86
	EndGlobalSection
	GlobalSection(ProjectConfigurationPlatforms) = postSolution
		{A0515830-7BDD-4ED0-8D58-29362AFE4176}.Debug|x64.ActiveCfg = Debug|x64
		{A0515830-7BDD-4ED0-8D58-29362AFE4176}.Debug|x64.Build.0 = Debug|x64
		{A0515830-7BDD-4ED0-8D58-29362AFE4176}.Debug|x86.ActiveCfg = Debug|Win32
		{A0515830-7BDD-4ED0-8D58-29362AFE4176}.Debug|x86.Build.0 = Debug|Win32
		{A0515830-7BDD-4ED0-8D58-29362AFE4176}.Release|x64.ActiveCfg = Release|x64
		{A0515830-7BDD-4ED0-8D58-29362AFE4176}.Release|x64.Build.0 = Release|x64
		{A0515830-7BDD-4ED0-8D58-29362AFE4176}.Release|x86.ActiveCfg = Release|Win32
		{A0515830-7BDD-4ED0-8D58-29362AFE4176}.Release|x86.Build.0 = Release|Win32
	EndGlobalSection
	GlobalSection(SolutionProperties) = preSolution
		HideSolutionNode = FALSE
	EndGlobalSection
	GlobalSection(ExtensibilityGlobals) = postSolution
		SolutionGuid = {713AC02A-A8D9-4380-BD7C-1CBE595D8CC1}
	EndGlobalSection
EndGlobal
