
Microsoft Visual Studio Solution File, Format Version 12.00
# Visual Studio 15
VisualStudioVersion = 15.0.28307.421
MinimumVisualStudioVersion = 10.0.40219.1
Project("{8BC9CEB8-8B4A-11D0-8D11-00A0C91BC942}") = "合法括号序列判断", "合法括号序列判断\合法括号序列判断.vcxproj", "{8782D31F-E4C0-47E1-A618-A54E7D5499EC}"
EndProject
Global
	GlobalSection(SolutionConfigurationPlatforms) = preSolution
		Debug|x64 = Debug|x64
		Debug|x86 = Debug|x86
		Release|x64 = Release|x64
		Release|x86 = Release|x86
	EndGlobalSection
	GlobalSection(ProjectConfigurationPlatforms) = postSolution
		{8782D31F-E4C0-47E1-A618-A54E7D5499EC}.Debug|x64.ActiveCfg = Debug|x64
		{8782D31F-E4C0-47E1-A618-A54E7D5499EC}.Debug|x64.Build.0 = Debug|x64
		{8782D31F-E4C0-47E1-A618-A54E7D5499EC}.Debug|x86.ActiveCfg = Debug|Win32
		{8782D31F-E4C0-47E1-A618-A54E7D5499EC}.Debug|x86.Build.0 = Debug|Win32
		{8782D31F-E4C0-47E1-A618-A54E7D5499EC}.Release|x64.ActiveCfg = Release|x64
		{8782D31F-E4C0-47E1-A618-A54E7D5499EC}.Release|x64.Build.0 = Release|x64
		{8782D31F-E4C0-47E1-A618-A54E7D5499EC}.Release|x86.ActiveCfg = Release|Win32
		{8782D31F-E4C0-47E1-A618-A54E7D5499EC}.Release|x86.Build.0 = Release|Win32
	EndGlobalSection
	GlobalSection(SolutionProperties) = preSolution
		HideSolutionNode = FALSE
	EndGlobalSection
	GlobalSection(ExtensibilityGlobals) = postSolution
		SolutionGuid = {6FC2B52F-18FB-4B0D-8559-ED5C3219B84F}
	EndGlobalSection
EndGlobal
